
Microsoft Visual Studio Solution File, Format Version 12.00
# Visual Studio Version 17
VisualStudioVersion = 17.3.32804.467
MinimumVisualStudioVersion = 10.0.40219.1
Project("{FAE04EC0-301F-11D3-BF4B-00C04F79EFBC}") = "TradingCardGameApp", "TradingCardGameApp\TradingCardGameApp.csproj", "{BF7FFB86-EE3D-40EF-95F3-1B8D70C137D3}"
EndProject
Global
	GlobalSection(SolutionConfigurationPlatforms) = preSolution
		Debug|Any CPU = Debug|Any CPU
		Release|Any CPU = Release|Any CPU
	EndGlobalSection
	GlobalSection(ProjectConfigurationPlatforms) = postSolution
		{BF7FFB86-EE3D-40EF-95F3-1B8D70C137D3}.Debug|Any CPU.ActiveCfg = Debug|Any CPU
		{BF7FFB86-EE3D-40EF-95F3-1B8D70C137D3}.Debug|Any CPU.Build.0 = Debug|Any CPU
		{BF7FFB86-EE3D-40EF-95F3-1B8D70C137D3}.Release|Any CPU.ActiveCfg = Release|Any CPU
		{BF7FFB86-EE3D-40EF-95F3-1B8D70C137D3}.Release|Any CPU.Build.0 = Release|Any CPU
	EndGlobalSection
	GlobalSection(SolutionProperties) = preSolution
		HideSolutionNode = FALSE
	EndGlobalSection
	GlobalSection(ExtensibilityGlobals) = postSolution
		SolutionGuid = {E4994C91-21D1-4057-8EA6-0501C14EF380}
	EndGlobalSection
EndGlobal
